
Microsoft Visual Studio Solution File, Format Version 12.00
# Visual Studio Version 17
VisualStudioVersion = 17.5.002.0
MinimumVisualStudioVersion = 10.0.40219.1
Project("{9A19103F-16F7-4668-BE54-9A1E7A4F7556}") = "backend", "backend.csproj", "{DCADC1D7-1AA5-4577-8F73-6F6ADB749CF1}"
EndProject
Global
	GlobalSection(SolutionConfigurationPlatforms) = preSolution
		Debug|Any CPU = Debug|Any CPU
		Release|Any CPU = Release|Any CPU
	EndGlobalSection
	GlobalSection(ProjectConfigurationPlatforms) = postSolution
		{DCADC1D7-1AA5-4577-8F73-6F6ADB749CF1}.Debug|Any CPU.ActiveCfg = Debug|Any CPU
		{DCADC1D7-1AA5-4577-8F73-6F6ADB749CF1}.Debug|Any CPU.Build.0 = Debug|Any CPU
		{DCADC1D7-1AA5-4577-8F73-6F6ADB749CF1}.Release|Any CPU.ActiveCfg = Release|Any CPU
		{DCADC1D7-1AA5-4577-8F73-6F6ADB749CF1}.Release|Any CPU.Build.0 = Release|Any CPU
	EndGlobalSection
	GlobalSection(SolutionProperties) = preSolution
		HideSolutionNode = FALSE
	EndGlobalSection
	GlobalSection(ExtensibilityGlobals) = postSolution
		SolutionGuid = {DDA1B24B-BCA0-4CF5-A8B3-569A3DF03774}
	EndGlobalSection
EndGlobal
